
Microsoft Visual Studio Solution File, Format Version 12.00
# Visual Studio Version 16
VisualStudioVersion = 16.0.30503.244
MinimumVisualStudioVersion = 10.0.40219.1
Project("{8BC9CEB8-8B4A-11D0-8D11-00A0C91BC942}") = "Nasha", "Nasha\Nasha.vcxproj", "{D704602C-4E68-48D9-8944-BADAFB7047A2}"
EndProject
Project("{FAE04EC0-301F-11D3-BF4B-00C04F79EFBC}") = "Nasha.CLI", "Nasha.CLI\Nasha.CLI.csproj", "{F9E63498-6E92-4AFD-8C13-4F63A3D964C3}"
EndProject
Global
	GlobalSection(SolutionConfigurationPlatforms) = preSolution
		Debug|Any CPU = Debug|Any CPU
		Debug|x64 = Debug|x64
		Debug|x86 = Debug|x86
		Release|Any CPU = Release|Any CPU
		Release|x64 = Release|x64
		Release|x86 = Release|x86
	EndGlobalSection
	GlobalSection(ProjectConfigurationPlatforms) = postSolution
		{D704602C-4E68-48D9-8944-BADAFB7047A2}.Debug|Any CPU.ActiveCfg = Debug|Win32
		{D704602C-4E68-48D9-8944-BADAFB7047A2}.Debug|Any CPU.Build.0 = Debug|Win32
		{D704602C-4E68-48D9-8944-BADAFB7047A2}.Debug|x64.ActiveCfg = Debug|x64
		{D704602C-4E68-48D9-8944-BADAFB7047A2}.Debug|x64.Build.0 = Debug|x64
		{D704602C-4E68-48D9-8944-BADAFB7047A2}.Debug|x86.ActiveCfg = Debug|Win32
		{D704602C-4E68-48D9-8944-BADAFB7047A2}.Debug|x86.Build.0 = Debug|Win32
		{D704602C-4E68-48D9-8944-BADAFB7047A2}.Release|Any CPU.ActiveCfg = Release|Win32
		{D704602C-4E68-48D9-8944-BADAFB7047A2}.Release|Any CPU.Build.0 = Release|Win32
		{D704602C-4E68-48D9-8944-BADAFB7047A2}.Release|x64.ActiveCfg = Release|x64
		{D704602C-4E68-48D9-8944-BADAFB7047A2}.Release|x64.Build.0 = Release|x64
		{D704602C-4E68-48D9-8944-BADAFB7047A2}.Release|x86.ActiveCfg = Release|Win32
		{D704602C-4E68-48D9-8944-BADAFB7047A2}.Release|x86.Build.0 = Release|Win32
		{F9E63498-6E92-4AFD-8C13-4F63A3D964C3}.Debug|Any CPU.ActiveCfg = Debug|Any CPU
		{F9E63498-6E92-4AFD-8C13-4F63A3D964C3}.Debug|Any CPU.Build.0 = Debug|Any CPU
		{F9E63498-6E92-4AFD-8C13-4F63A3D964C3}.Debug|x64.ActiveCfg = Debug|Any CPU
		{F9E63498-6E92-4AFD-8C13-4F63A3D964C3}.Debug|x64.Build.0 = Debug|Any CPU
		{F9E63498-6E92-4AFD-8C13-4F63A3D964C3}.Debug|x86.ActiveCfg = Debug|Any CPU
		{F9E63498-6E92-4AFD-8C13-4F63A3D964C3}.Debug|x86.Build.0 = Debug|Any CPU
		{F9E63498-6E92-4AFD-8C13-4F63A3D964C3}.Release|Any CPU.ActiveCfg = Release|Any CPU
		{F9E63498-6E92-4AFD-8C13-4F63A3D964C3}.Release|Any CPU.Build.0 = Release|Any CPU
		{F9E63498-6E92-4AFD-8C13-4F63A3D964C3}.Release|x64.ActiveCfg = Release|Any CPU
		{F9E63498-6E92-4AFD-8C13-4F63A3D964C3}.Release|x64.Build.0 = Release|Any CPU
		{F9E63498-6E92-4AFD-8C13-4F63A3D964C3}.Release|x86.ActiveCfg = Release|Any CPU
		{F9E63498-6E92-4AFD-8C13-4F63A3D964C3}.Release|x86.Build.0 = Release|Any CPU
	EndGlobalSection
	GlobalSection(SolutionProperties) = preSolution
		HideSolutionNode = FALSE
	EndGlobalSection
	GlobalSection(ExtensibilityGlobals) = postSolution
		SolutionGuid = {CFF2C522-2313-471E-B437-2A99D973B667}
	EndGlobalSection
EndGlobal
